// !$*UTF8*$!
{
	archiveVersion = 1;
	classes = {
	};
	objectVersion = 77;
	objects = {

/* Begin PBXBuildFile section */
		080686222FC0A96B0054E5ED /* Assets.xcassets in Resources */ = {isa = PBXBuildFile; fileRef = 0806861E2FC0A96B0054E5ED /* Assets.xcassets */; };
		080686232FC0A96B0054E5ED /* ContentView.swift in Sources */ = {isa = PBXBuildFile; fileRef = 0806861F2FC0A96B0054E5ED /* ContentView.swift */; };
		080686242FC0A96B0054E5ED /* CornpassApp.swift in Sources */ = {isa = PBXBuildFile; fileRef = 080686202FC0A96B0054E5ED /* CornpassApp.swift */; };
		080686312FC17F6A0054E5ED /* AppFont.swift in Sources */ = {isa = PBXBuildFile; fileRef = 080686302FC17F6A0054E5ED /* AppFont.swift */; };
		080686362FC1803D0054E5ED /* SFUIDisplay-Bold.ttf in Resources */ = {isa = PBXBuildFile; fileRef = 080686322FC1803D0054E5ED /* SFUIDisplay-Bold.ttf */; };
		080686372FC1803D0054E5ED /* SFUIDisplay-Medium.otf in Resources */ = {isa = PBXBuildFile; fileRef = 080686332FC1803D0054E5ED /* SFUIDisplay-Medium.otf */; };
		080686382FC1803D0054E5ED /* SFUIDisplay-Regular.otf in Resources */ = {isa = PBXBuildFile; fileRef = 080686342FC1803D0054E5ED /* SFUIDisplay-Regular.otf */; };
		080686392FC1803D0054E5ED /* SFUIDisplay-Semibold.otf in Resources */ = {isa = PBXBuildFile; fileRef = 080686352FC1803D0054E5ED /* SFUIDisplay-Semibold.otf */; };
		08CFD17C2FC1BDAA00F95A12 /* LandingView.swift in Sources */ = {isa = PBXBuildFile; fileRef = 08CFD17B2FC1BDAA00F95A12 /* LandingView.swift */; };
		08CFD17E2FC1F52600F95A12 /* LoginView.swift in Sources */ = {isa = PBXBuildFile; fileRef = 08CFD17D2FC1F52600F95A12 /* LoginView.swift */; };
		08CFD1822FC1FAD700F95A12 /* SwiftUIExt.swift in Sources */ = {isa = PBXBuildFile; fileRef = 08CFD1812FC1FAD700F95A12 /* SwiftUIExt.swift */; };
		08CFD1842FC2E08900F95A12 /* GenrePickerView.swift in Sources */ = {isa = PBXBuildFile; fileRef = 08CFD1832FC2E08900F95A12 /* GenrePickerView.swift */; };
		08CFD1862FC2FAF100F95A12 /* GravityView.swift in Sources */ = {isa = PBXBuildFile; fileRef = 08CFD1852FC2FAE000F95A12 /* GravityView.swift */; };
		08CFD1882FC2FC7C00F95A12 /* Genre.swift in Sources */ = {isa = PBXBuildFile; fileRef = 08CFD1872FC2FC7800F95A12 /* Genre.swift */; };
/* End PBXBuildFile section */

/* Begin PBXFileReference section */
		0806861E2FC0A96B0054E5ED /* Assets.xcassets */ = {isa = PBXFileReference; lastKnownFileType = folder.assetcatalog; path = Assets.xcassets; sourceTree = "<group>"; };
		0806861F2FC0A96B0054E5ED /* ContentView.swift */ = {isa = PBXFileReference; lastKnownFileType = sourcecode.swift; path = ContentView.swift; sourceTree = "<group>"; };
		080686202FC0A96B0054E5ED /* CornpassApp.swift */ = {isa = PBXFileReference; lastKnownFileType = sourcecode.swift; path = CornpassApp.swift; sourceTree = "<group>"; };
		0806862F2FC17EC80054E5ED /* Info.plist */ = {isa = PBXFileReference; lastKnownFileType = text.plist.xml; path = Info.plist; sourceTree = "<group>"; };
		080686302FC17F6A0054E5ED /* AppFont.swift */ = {isa = PBXFileReference; lastKnownFileType = sourcecode.swift; path = AppFont.swift; sourceTree = "<group>"; };
		080686322FC1803D0054E5ED /* SFUIDisplay-Bold.ttf */ = {isa = PBXFileReference; lastKnownFileType = file; path = "SFUIDisplay-Bold.ttf"; sourceTree = "<group>"; };
		080686332FC1803D0054E5ED /* SFUIDisplay-Medium.otf */ = {isa = PBXFileReference; lastKnownFileType = file; path = "SFUIDisplay-Medium.otf"; sourceTree = "<group>"; };
		080686342FC1803D0054E5ED /* SFUIDisplay-Regular.otf */ = {isa = PBXFileReference; lastKnownFileType = file; path = "SFUIDisplay-Regular.otf"; sourceTree = "<group>"; };
		080686352FC1803D0054E5ED /* SFUIDisplay-Semibold.otf */ = {isa = PBXFileReference; lastKnownFileType = file; path = "SFUIDisplay-Semibold.otf"; sourceTree = "<group>"; };
		084F914F2FC0A116007D11F5 /* Cornpass.app */ = {isa = PBXFileReference; explicitFileType = wrapper.application; includeInIndex = 0; path = Cornpass.app; sourceTree = BUILT_PRODUCTS_DIR; };
		08CFD17B2FC1BDAA00F95A12 /* LandingView.swift */ = {isa = PBXFileReference; lastKnownFileType = sourcecode.swift; path = LandingView.swift; sourceTree = "<group>"; };
		08CFD17D2FC1F52600F95A12 /* LoginView.swift */ = {isa = PBXFileReference; lastKnownFileType = sourcecode.swift; path = LoginView.swift; sourceTree = "<group>"; };
		08CFD1812FC1FAD700F95A12 /* SwiftUIExt.swift */ = {isa = PBXFileReference; lastKnownFileType = sourcecode.swift; path = SwiftUIExt.swift; sourceTree = "<group>"; };
		08CFD1832FC2E08900F95A12 /* GenrePickerView.swift */ = {isa = PBXFileReference; lastKnownFileType = sourcecode.swift; path = GenrePickerView.swift; sourceTree = "<group>"; };
		08CFD1852FC2FAE000F95A12 /* GravityView.swift */ = {isa = PBXFileReference; lastKnownFileType = sourcecode.swift; path = GravityView.swift; sourceTree = "<group>"; };
		08CFD1872FC2FC7800F95A12 /* Genre.swift */ = {isa = PBXFileReference; lastKnownFileType = sourcecode.swift; path = Genre.swift; sourceTree = "<group>"; };
/* End PBXFileReference section */

/* Begin PBXFrameworksBuildPhase section */
		084F914C2FC0A116007D11F5 /* Frameworks */ = {
			isa = PBXFrameworksBuildPhase;
			buildActionMask = 2147483647;
			files = (
			);
			runOnlyForDeploymentPostprocessing = 0;
		};
/* End PBXFrameworksBuildPhase section */

/* Begin PBXGroup section */
		080686212FC0A96B0054E5ED /* Cornpass */ = {
			isa = PBXGroup;
			children = (
				080686202FC0A96B0054E5ED /* CornpassApp.swift */,
				0806861F2FC0A96B0054E5ED /* ContentView.swift */,
				0806861E2FC0A96B0054E5ED /* Assets.xcassets */,
				0806862F2FC17EC80054E5ED /* Info.plist */,
				080686302FC17F6A0054E5ED /* AppFont.swift */,
				08CFD17B2FC1BDAA00F95A12 /* LandingView.swift */,
				08CFD1812FC1FAD700F95A12 /* SwiftUIExt.swift */,
				08CFD17D2FC1F52600F95A12 /* LoginView.swift */,
				08CFD1832FC2E08900F95A12 /* GenrePickerView.swift */,
				08CFD1872FC2FC7800F95A12 /* Genre.swift */,
				08CFD1852FC2FAE000F95A12 /* GravityView.swift */,
				080686282FC17DE10054E5ED /* Fonts */,
			);
			path = Cornpass;
			sourceTree = "<group>";
		};
		080686282FC17DE10054E5ED /* Fonts */ = {
			isa = PBXGroup;
			children = (
				080686322FC1803D0054E5ED /* SFUIDisplay-Bold.ttf */,
				080686332FC1803D0054E5ED /* SFUIDisplay-Medium.otf */,
				080686342FC1803D0054E5ED /* SFUIDisplay-Regular.otf */,
				080686352FC1803D0054E5ED /* SFUIDisplay-Semibold.otf */,
			);
			path = Fonts;
			sourceTree = "<group>";
		};
		084F91462FC0A116007D11F5 = {
			isa = PBXGroup;
			children = (
				080686212FC0A96B0054E5ED /* Cornpass */,
				084F91502FC0A116007D11F5 /* Products */,
			);
			sourceTree = "<group>";
		};
		084F91502FC0A116007D11F5 /* Products */ = {
			isa = PBXGroup;
			children = (
				084F914F2FC0A116007D11F5 /* Cornpass.app */,
			);
			name = Products;
			sourceTree = "<group>";
		};
/* End PBXGroup section */

/* Begin PBXNativeTarget section */
		084F914E2FC0A116007D11F5 /* Cornpass */ = {
			isa = PBXNativeTarget;
			buildConfigurationList = 084F915A2FC0A118007D11F5 /* Build configuration list for PBXNativeTarget "Cornpass" */;
			buildPhases = (
				084F914B2FC0A116007D11F5 /* Sources */,
				084F914C2FC0A116007D11F5 /* Frameworks */,
				084F914D2FC0A116007D11F5 /* Resources */,
			);
			buildRules = (
			);
			dependencies = (
			);
			name = Cornpass;
			packageProductDependencies = (
			);
			productName = Cornpass;
			productReference = 084F914F2FC0A116007D11F5 /* Cornpass.app */;
			productType = "com.apple.product-type.application";
		};
/* End PBXNativeTarget section */

/* Begin PBXProject section */
		084F91472FC0A116007D11F5 /* Project object */ = {
			isa = PBXProject;
			attributes = {
				BuildIndependentTargetsInParallel = 1;
				LastSwiftUpdateCheck = 2600;
				LastUpgradeCheck = 2600;
				TargetAttributes = {
					084F914E2FC0A116007D11F5 = {
						CreatedOnToolsVersion = 26.0;
					};
				};
			};
			buildConfigurationList = 084F914A2FC0A116007D11F5 /* Build configuration list for PBXProject "Cornpass" */;
			developmentRegion = en;
			hasScannedForEncodings = 0;
			knownRegions = (
				en,
				Base,
			);
			mainGroup = 084F91462FC0A116007D11F5;
			minimizedProjectReferenceProxies = 1;
			preferredProjectObjectVersion = 77;
			productRefGroup = 084F91502FC0A116007D11F5 /* Products */;
			projectDirPath = "";
			projectRoot = "";
			targets = (
				084F914E2FC0A116007D11F5 /* Cornpass */,
			);
		};
/* End PBXProject section */

/* Begin PBXResourcesBuildPhase section */
		084F914D2FC0A116007D11F5 /* Resources */ = {
			isa = PBXResourcesBuildPhase;
			buildActionMask = 2147483647;
			files = (
				080686222FC0A96B0054E5ED /* Assets.xcassets in Resources */,
				080686362FC1803D0054E5ED /* SFUIDisplay-Bold.ttf in Resources */,
				080686372FC1803D0054E5ED /* SFUIDisplay-Medium.otf in Resources */,
				080686382FC1803D0054E5ED /* SFUIDisplay-Regular.otf in Resources */,
				080686392FC1803D0054E5ED /* SFUIDisplay-Semibold.otf in Resources */,
			);
			runOnlyForDeploymentPostprocessing = 0;
		};
/* End PBXResourcesBuildPhase section */

/* Begin PBXSourcesBuildPhase section */
		084F914B2FC0A116007D11F5 /* Sources */ = {
			isa = PBXSourcesBuildPhase;
			buildActionMask = 2147483647;
			files = (
				08CFD1882FC2FC7C00F95A12 /* Genre.swift in Sources */,
				08CFD1842FC2E08900F95A12 /* GenrePickerView.swift in Sources */,
				08CFD17C2FC1BDAA00F95A12 /* LandingView.swift in Sources */,
				080686232FC0A96B0054E5ED /* ContentView.swift in Sources */,
				08CFD1822FC1FAD700F95A12 /* SwiftUIExt.swift in Sources */,
				080686242FC0A96B0054E5ED /* CornpassApp.swift in Sources */,
				08CFD1862FC2FAF100F95A12 /* GravityView.swift in Sources */,
				08CFD17E2FC1F52600F95A12 /* LoginView.swift in Sources */,
				080686312FC17F6A0054E5ED /* AppFont.swift in Sources */,
			);
			runOnlyForDeploymentPostprocessing = 0;
		};
/* End PBXSourcesBuildPhase section */

/* Begin XCBuildConfiguration section */
		084F91582FC0A118007D11F5 /* Debug */ = {
			isa = XCBuildConfiguration;
			buildSettings = {
				ALWAYS_SEARCH_USER_PATHS = NO;
				ASSETCATALOG_COMPILER_GENERATE_SWIFT_ASSET_SYMBOL_EXTENSIONS = YES;
				CLANG_ANALYZER_NONNULL = YES;
				CLANG_ANALYZER_NUMBER_OBJECT_CONVERSION = YES_AGGRESSIVE;
				CLANG_CXX_LANGUAGE_STANDARD = "gnu++20";
				CLANG_ENABLE_MODULES = YES;
				CLANG_ENABLE_OBJC_ARC = YES;
				CLANG_ENABLE_OBJC_WEAK = YES;
				CLANG_WARN_BLOCK_CAPTURE_AUTORELEASING = YES;
				CLANG_WARN_BOOL_CONVERSION = YES;
				CLANG_WARN_COMMA = YES;
				CLANG_WARN_CONSTANT_CONVERSION = YES;
				CLANG_WARN_DEPRECATED_OBJC_IMPLEMENTATIONS = YES;
				CLANG_WARN_DIRECT_OBJC_ISA_USAGE = YES_ERROR;
				CLANG_WARN_DOCUMENTATION_COMMENTS = YES;
				CLANG_WARN_EMPTY_BODY = YES;
				CLANG_WARN_ENUM_CONVERSION = YES;
				CLANG_WARN_INFINITE_RECURSION = YES;
				CLANG_WARN_INT_CONVERSION = YES;
				CLANG_WARN_NON_LITERAL_NULL_CONVERSION = YES;
				CLANG_WARN_OBJC_IMPLICIT_RETAIN_SELF = YES;
				CLANG_WARN_OBJC_LITERAL_CONVERSION = YES;
				CLANG_WARN_OBJC_ROOT_CLASS = YES_ERROR;
				CLANG_WARN_QUOTED_INCLUDE_IN_FRAMEWORK_HEADER = YES;
				CLANG_WARN_RANGE_LOOP_ANALYSIS = YES;
				CLANG_WARN_STRICT_PROTOTYPES = YES;
				CLANG_WARN_SUSPICIOUS_MOVE = YES;
				CLANG_WARN_UNGUARDED_AVAILABILITY = YES_AGGRESSIVE;
				CLANG_WARN_UNREACHABLE_CODE = YES;
				CLANG_WARN__DUPLICATE_METHOD_MATCH = YES;
				COPY_PHASE_STRIP = NO;
				DEBUG_INFORMATION_FORMAT = dwarf;
				DEVELOPMENT_TEAM = 649YS6C548;
				ENABLE_STRICT_OBJC_MSGSEND = YES;
				ENABLE_TESTABILITY = YES;
				ENABLE_USER_SCRIPT_SANDBOXING = YES;
				GCC_C_LANGUAGE_STANDARD = gnu17;
				GCC_DYNAMIC_NO_PIC = NO;
				GCC_NO_COMMON_BLOCKS = YES;
				GCC_OPTIMIZATION_LEVEL = 0;
				GCC_PREPROCESSOR_DEFINITIONS = (
					"DEBUG=1",
					"$(inherited)",
				);
				GCC_WARN_64_TO_32_BIT_CONVERSION = YES;
				GCC_WARN_ABOUT_RETURN_TYPE = YES_ERROR;
				GCC_WARN_UNDECLARED_SELECTOR = YES;
				GCC_WARN_UNINITIALIZED_AUTOS = YES_AGGRESSIVE;
				GCC_WARN_UNUSED_FUNCTION = YES;
				GCC_WARN_UNUSED_VARIABLE = YES;
				IPHONEOS_DEPLOYMENT_TARGET = 26.0;
				LOCALIZATION_PREFERS_STRING_CATALOGS = YES;
				MTL_ENABLE_DEBUG_INFO = INCLUDE_SOURCE;
				MTL_FAST_MATH = YES;
				ONLY_ACTIVE_ARCH = YES;
				SDKROOT = iphoneos;
				SWIFT_ACTIVE_COMPILATION_CONDITIONS = "DEBUG $(inherited)";
				SWIFT_OPTIMIZATION_LEVEL = "-Onone";
			};
			name = Debug;
		};
		084F91592FC0A118007D11F5 /* Release */ = {
			isa = XCBuildConfiguration;
			buildSettings = {
				ALWAYS_SEARCH_USER_PATHS = NO;
				ASSETCATALOG_COMPILER_GENERATE_SWIFT_ASSET_SYMBOL_EXTENSIONS = YES;
				CLANG_ANALYZER_NONNULL = YES;
				CLANG_ANALYZER_NUMBER_OBJECT_CONVERSION = YES_AGGRESSIVE;
				CLANG_CXX_LANGUAGE_STANDARD = "gnu++20";
				CLANG_ENABLE_MODULES = YES;
				CLANG_ENABLE_OBJC_ARC = YES;
				CLANG_ENABLE_OBJC_WEAK = YES;
				CLANG_WARN_BLOCK_CAPTURE_AUTORELEASING = YES;
				CLANG_WARN_BOOL_CONVERSION = YES;
				CLANG_WARN_COMMA = YES;
				CLANG_WARN_CONSTANT_CONVERSION = YES;
				CLANG_WARN_DEPRECATED_OBJC_IMPLEMENTATIONS = YES;
				CLANG_WARN_DIRECT_OBJC_ISA_USAGE = YES_ERROR;
				CLANG_WARN_DOCUMENTATION_COMMENTS = YES;
				CLANG_WARN_EMPTY_BODY = YES;
				CLANG_WARN_ENUM_CONVERSION = YES;
				CLANG_WARN_INFINITE_RECURSION = YES;
				CLANG_WARN_INT_CONVERSION = YES;
				CLANG_WARN_NON_LITERAL_NULL_CONVERSION = YES;
				CLANG_WARN_OBJC_IMPLICIT_RETAIN_SELF = YES;
				CLANG_WARN_OBJC_LITERAL_CONVERSION = YES;
				CLANG_WARN_OBJC_ROOT_CLASS = YES_ERROR;
				CLANG_WARN_QUOTED_INCLUDE_IN_FRAMEWORK_HEADER = YES;
				CLANG_WARN_RANGE_LOOP_ANALYSIS = YES;
				CLANG_WARN_STRICT_PROTOTYPES = YES;
				CLANG_WARN_SUSPICIOUS_MOVE = YES;
				CLANG_WARN_UNGUARDED_AVAILABILITY = YES_AGGRESSIVE;
				CLANG_WARN_UNREACHABLE_CODE = YES;
				CLANG_WARN__DUPLICATE_METHOD_MATCH = YES;
				COPY_PHASE_STRIP = NO;
				DEBUG_INFORMATION_FORMAT = "dwarf-with-dsym";
				DEVELOPMENT_TEAM = 649YS6C548;
				ENABLE_NS_ASSERTIONS = NO;
				ENABLE_STRICT_OBJC_MSGSEND = YES;
				ENABLE_USER_SCRIPT_SANDBOXING = YES;
				GCC_C_LANGUAGE_STANDARD = gnu17;
				GCC_NO_COMMON_BLOCKS = YES;
				GCC_WARN_64_TO_32_BIT_CONVERSION = YES;
				GCC_WARN_ABOUT_RETURN_TYPE = YES_ERROR;
				GCC_WARN_UNDECLARED_SELECTOR = YES;
				GCC_WARN_UNINITIALIZED_AUTOS = YES_AGGRESSIVE;
				GCC_WARN_UNUSED_FUNCTION = YES;
				GCC_WARN_UNUSED_VARIABLE = YES;
				IPHONEOS_DEPLOYMENT_TARGET = 26.0;
				LOCALIZATION_PREFERS_STRING_CATALOGS = YES;
				MTL_ENABLE_DEBUG_INFO = NO;
				MTL_FAST_MATH = YES;
				SDKROOT = iphoneos;
				SWIFT_COMPILATION_MODE = wholemodule;
				VALIDATE_PRODUCT = YES;
			};
			name = Release;
		};
		084F915B2FC0A118007D11F5 /* Debug */ = {
			isa = XCBuildConfiguration;
			buildSettings = {
				ASSETCATALOG_COMPILER_APPICON_NAME = AppIcon;
				ASSETCATALOG_COMPILER_GLOBAL_ACCENT_COLOR_NAME = AccentColor;
				CODE_SIGN_STYLE = Automatic;
				CURRENT_PROJECT_VERSION = 1;
				DEVELOPMENT_TEAM = 649YS6C548;
				ENABLE_PREVIEWS = YES;
				GENERATE_INFOPLIST_FILE = YES;
				INFOPLIST_FILE = Cornpass/Info.plist;
				INFOPLIST_KEY_LSApplicationCategoryType = "public.app-category.entertainment";
				INFOPLIST_KEY_UIApplicationSceneManifest_Generation = YES;
				INFOPLIST_KEY_UIApplicationSupportsIndirectInputEvents = YES;
				INFOPLIST_KEY_UILaunchScreen_Generation = YES;
				INFOPLIST_KEY_UISupportedInterfaceOrientations = UIInterfaceOrientationPortrait;
				LD_RUNPATH_SEARCH_PATHS = (
					"$(inherited)",
					"@executable_path/Frameworks",
				);
				MARKETING_VERSION = 1.0;
				PRODUCT_BUNDLE_IDENTIFIER = com.genysis.inc.Cornpass;
				PRODUCT_NAME = "$(TARGET_NAME)";
				STRING_CATALOG_GENERATE_SYMBOLS = YES;
				SWIFT_APPROACHABLE_CONCURRENCY = YES;
				SWIFT_DEFAULT_ACTOR_ISOLATION = MainActor;
				SWIFT_EMIT_LOC_STRINGS = YES;
				SWIFT_UPCOMING_FEATURE_MEMBER_IMPORT_VISIBILITY = YES;
				SWIFT_VERSION = 5.0;
				TARGETED_DEVICE_FAMILY = "1,2";
			};
			name = Debug;
		};
		084F915C2FC0A118007D11F5 /* Release */ = {
			isa = XCBuildConfiguration;
			buildSettings = {
				ASSETCATALOG_COMPILER_APPICON_NAME = AppIcon;
				ASSETCATALOG_COMPILER_GLOBAL_ACCENT_COLOR_NAME = AccentColor;
				CODE_SIGN_STYLE = Automatic;
				CURRENT_PROJECT_VERSION = 1;
				DEVELOPMENT_TEAM = 649YS6C548;
				ENABLE_PREVIEWS = YES;
				GENERATE_INFOPLIST_FILE = YES;
				INFOPLIST_FILE = Cornpass/Info.plist;
				INFOPLIST_KEY_LSApplicationCategoryType = "public.app-category.entertainment";
				INFOPLIST_KEY_UIApplicationSceneManifest_Generation = YES;
				INFOPLIST_KEY_UIApplicationSupportsIndirectInputEvents = YES;
				INFOPLIST_KEY_UILaunchScreen_Generation = YES;
				INFOPLIST_KEY_UISupportedInterfaceOrientations = UIInterfaceOrientationPortrait;
				LD_RUNPATH_SEARCH_PATHS = (
					"$(inherited)",
					"@executable_path/Frameworks",
				);
				MARKETING_VERSION = 1.0;
				PRODUCT_BUNDLE_IDENTIFIER = com.genysis.inc.Cornpass;
				PRODUCT_NAME = "$(TARGET_NAME)";
				STRING_CATALOG_GENERATE_SYMBOLS = YES;
				SWIFT_APPROACHABLE_CONCURRENCY = YES;
				SWIFT_DEFAULT_ACTOR_ISOLATION = MainActor;
				SWIFT_EMIT_LOC_STRINGS = YES;
				SWIFT_UPCOMING_FEATURE_MEMBER_IMPORT_VISIBILITY = YES;
				SWIFT_VERSION = 5.0;
				TARGETED_DEVICE_FAMILY = "1,2";
			};
			name = Release;
		};
/* End XCBuildConfiguration section */

/* Begin XCConfigurationList section */
		084F914A2FC0A116007D11F5 /* Build configuration list for PBXProject "Cornpass" */ = {
			isa = XCConfigurationList;
			buildConfigurations = (
				084F91582FC0A118007D11F5 /* Debug */,
				084F91592FC0A118007D11F5 /* Release */,
			);
			defaultConfigurationIsVisible = 0;
			defaultConfigurationName = Release;
		};
		084F915A2FC0A118007D11F5 /* Build configuration list for PBXNativeTarget "Cornpass" */ = {
			isa = XCConfigurationList;
			buildConfigurations = (
				084F915B2FC0A118007D11F5 /* Debug */,
				084F915C2FC0A118007D11F5 /* Release */,
			);
			defaultConfigurationIsVisible = 0;
			defaultConfigurationName = Release;
		};
/* End XCConfigurationList section */
	};
	rootObject = 084F91472FC0A116007D11F5 /* Project object */;
}
